
Microsoft Visual Studio Solution File, Format Version 12.00
# Visual Studio 14
VisualStudioVersion = 14.0.25123.0
MinimumVisualStudioVersion = 10.0.40219.1
Project("{FAE04EC0-301F-11D3-BF4B-00C04F79EFBC}") = "DirectLineClient", "DirectLineClient\DirectLineClient.csproj", "{B104221C-681C-4995-AAE5-A8704BD85A31}"
EndProject
Global
	GlobalSection(SolutionConfigurationPlatforms) = preSolution
		Debug|Any CPU = Debug|Any CPU
		Release|Any CPU = Release|Any CPU
	EndGlobalSection
	GlobalSection(ProjectConfigurationPlatforms) = postSolution
		{B104221C-681C-4995-AAE5-A8704BD85A31}.Debug|Any CPU.ActiveCfg = Debug|Any CPU
		{B104221C-681C-4995-AAE5-A8704BD85A31}.Debug|Any CPU.Build.0 = Debug|Any CPU
		{B104221C-681C-4995-AAE5-A8704BD85A31}.Release|Any CPU.ActiveCfg = Release|Any CPU
		{B104221C-681C-4995-AAE5-A8704BD85A31}.Release|Any CPU.Build.0 = Release|Any CPU
	EndGlobalSection
	GlobalSection(SolutionProperties) = preSolution
		HideSolutionNode = FALSE
	EndGlobalSection
EndGlobal
